{
  "lockfile-version": 1,
  "manifest": {
    "version": 1,
    "install": {
      "pre-commit": {
        "pkg-path": "pre-commit"
      },
      "uv": {
        "pkg-path": "uv"
      }
    },
    "hook": {
      "on-activate": "  uv python install 3.14\n\n  export PYTHON_DIR=\"$FLOX_ENV_PROJECT/.venv\"\n  if [ ! -d \"$PYTHON_DIR\" ]; then\n    echo \"Creating python virtual environment in $PYTHON_DIR\"\n    uv venv --python-preference=only-managed \"$PYTHON_DIR\"\n  fi\n\n\n  # Quietly activate venv and install packages in a subshell so\n  # that the venv can be freshly activated in the profile section.\n  (\n    source \"$PYTHON_DIR/bin/activate\"\n    uv sync --managed-python --all-groups --all-extras --active\n\n    if [ ! -e \"$FLOX_ENV_PROJECT/.git/hooks/pre-commit\" ]; then\n      pre-commit install\n    fi\n  )\n"
    },
    "profile": {
      "bash": "  echo \"Activating python virtual environment\" >&2\n  source \"$PYTHON_DIR/bin/activate\"\n",
      "zsh": "  echo \"Activating python virtual environment\" >&2\n  source \"$PYTHON_DIR/bin/activate\"\n",
      "fish": "  echo \"Activating python virtual environment\" >&2\n  source \"$PYTHON_DIR/bin/activate.fish\"\n",
      "tcsh": "  echo \"Activating python virtual environment\" >&2\n  source \"$PYTHON_DIR/bin/activate.csh\"\n"
    },
    "options": {}
  },
  "packages": [
    {
      "attr_path": "pre-commit",
      "broken": false,
      "derivation": "/nix/store/a2dwdj3782wn57a3yys7ypbjikjscjrz-pre-commit-4.5.1.drv",
      "description": "Framework for managing and maintaining multi-language pre-commit hooks",
      "install_id": "pre-commit",
      "license": "MIT",
      "locked_url": "https://github.com/flox/nixpkgs?rev=cf59864ef8aa2e178cccedbe2c178185b0365705",
      "name": "pre-commit-4.5.1",
      "pname": "pre-commit",
      "rev": "cf59864ef8aa2e178cccedbe2c178185b0365705",
      "rev_count": 956934,
      "rev_date": "2026-03-02T06:35:32Z",
      "scrape_date": "2026-03-03T04:46:37.730175Z",
      "stabilities": [
        "unstable"
      ],
      "unfree": false,
      "version": "4.5.1",
      "outputs_to_install": [
        "out"
      ],
      "outputs": {
        "dist": "/nix/store/vx8bcz0p4c4nr57i0kszdnfk3vrxhc4n-pre-commit-4.5.1-dist",
        "out": "/nix/store/l55n4b26170g382dxchwchs5bb2mm816-pre-commit-4.5.1"
      },
      "system": "aarch64-darwin",
      "group": "toplevel",
      "priority": 5
    },
    {
      "attr_path": "pre-commit",
      "broken": false,
      "derivation": "/nix/store/q85l06xl9vx9l6l8hm6ig1f488rbhr5d-pre-commit-4.5.1.drv",
      "description": "Framework for managing and maintaining multi-language pre-commit hooks",
      "install_id": "pre-commit",
      "license": "MIT",
      "locked_url": "https://github.com/flox/nixpkgs?rev=cf59864ef8aa2e178cccedbe2c178185b0365705",
      "name": "pre-commit-4.5.1",
      "pname": "pre-commit",
      "rev": "cf59864ef8aa2e178cccedbe2c178185b0365705",
      "rev_count": 956934,
      "rev_date": "2026-03-02T06:35:32Z",
      "scrape_date": "2026-03-03T05:23:20.907024Z",
      "stabilities": [
        "unstable"
      ],
      "unfree": false,
      "version": "4.5.1",
      "outputs_to_install": [
        "out"
      ],
      "outputs": {
        "dist": "/nix/store/l94g308gxsvwzil56ssvg0nb55gkjxfj-pre-commit-4.5.1-dist",
        "out": "/nix/store/vry6jkxxy96b4vv8sr2yw2p2llangkd5-pre-commit-4.5.1"
      },
      "system": "aarch64-linux",
      "group": "toplevel",
      "priority": 5
    },
    {
      "attr_path": "pre-commit",
      "broken": false,
      "derivation": "/nix/store/77wwhjxj6lc04bh2p8a14w6bv73d503x-pre-commit-4.5.1.drv",
      "description": "Framework for managing and maintaining multi-language pre-commit hooks",
      "install_id": "pre-commit",
      "license": "MIT",
      "locked_url": "https://github.com/flox/nixpkgs?rev=cf59864ef8aa2e178cccedbe2c178185b0365705",
      "name": "pre-commit-4.5.1",
      "pname": "pre-commit",
      "rev": "cf59864ef8aa2e178cccedbe2c178185b0365705",
      "rev_count": 956934,
      "rev_date": "2026-03-02T06:35:32Z",
      "scrape_date": "2026-03-03T06:01:58.565287Z",
      "stabilities": [
        "unstable"
      ],
      "unfree": false,
      "version": "4.5.1",
      "outputs_to_install": [
        "out"
      ],
      "outputs": {
        "dist": "/nix/store/grbm0lk0i1fqliqj6lhgvymnr2kggvaj-pre-commit-4.5.1-dist",
        "out": "/nix/store/h3g711srm8fn3c12xs638bhrgs7vqml4-pre-commit-4.5.1"
      },
      "system": "x86_64-darwin",
      "group": "toplevel",
      "priority": 5
    },
    {
      "attr_path": "pre-commit",
      "broken": false,
      "derivation": "/nix/store/qdfv3mvgnw3r8lv23kfbll6n59vqrr2a-pre-commit-4.5.1.drv",
      "description": "Framework for managing and maintaining multi-language pre-commit hooks",
      "install_id": "pre-commit",
      "license": "MIT",
      "locked_url": "https://github.com/flox/nixpkgs?rev=cf59864ef8aa2e178cccedbe2c178185b0365705",
      "name": "pre-commit-4.5.1",
      "pname": "pre-commit",
      "rev": "cf59864ef8aa2e178cccedbe2c178185b0365705",
      "rev_count": 956934,
      "rev_date": "2026-03-02T06:35:32Z",
      "scrape_date": "2026-03-03T06:45:50.898182Z",
      "stabilities": [
        "unstable"
      ],
      "unfree": false,
      "version": "4.5.1",
      "outputs_to_install": [
        "out"
      ],
      "outputs": {
        "dist": "/nix/store/l3z236pck7hx6lz5x4s46xa0vkmjmvsh-pre-commit-4.5.1-dist",
        "out": "/nix/store/j3m430mdag04c150qlr72zbvhmpkb1cz-pre-commit-4.5.1"
      },
      "system": "x86_64-linux",
      "group": "toplevel",
      "priority": 5
    },
    {
      "attr_path": "uv",
      "broken": false,
      "derivation": "/nix/store/g7iy184qf5jcd8hirzpv7mysghiavvah-uv-0.10.6.drv",
      "description": "Extremely fast Python package installer and resolver, written in Rust",
      "install_id": "uv",
      "license": "[ Apache-2.0, MIT ]",
      "locked_url": "https://github.com/flox/nixpkgs?rev=cf59864ef8aa2e178cccedbe2c178185b0365705",
      "name": "uv-0.10.6",
      "pname": "uv",
      "rev": "cf59864ef8aa2e178cccedbe2c178185b0365705",
      "rev_count": 956934,
      "rev_date": "2026-03-02T06:35:32Z",
      "scrape_date": "2026-03-03T04:48:20.013400Z",
      "stabilities": [
        "unstable"
      ],
      "unfree": false,
      "version": "0.10.6",
      "outputs_to_install": [
        "out"
      ],
      "outputs": {
        "out": "/nix/store/61a5czczvhkkpklp7m1v9s5jgx831n5k-uv-0.10.6"
      },
      "system": "aarch64-darwin",
      "group": "toplevel",
      "priority": 5
    },
    {
      "attr_path": "uv",
      "broken": false,
      "derivation": "/nix/store/2l9ny7v1cjp1mi4sgkm9nkskws8anmnc-uv-0.10.6.drv",
      "description": "Extremely fast Python package installer and resolver, written in Rust",
      "install_id": "uv",
      "license": "[ Apache-2.0, MIT ]",
      "locked_url": "https://github.com/flox/nixpkgs?rev=cf59864ef8aa2e178cccedbe2c178185b0365705",
      "name": "uv-0.10.6",
      "pname": "uv",
      "rev": "cf59864ef8aa2e178cccedbe2c178185b0365705",
      "rev_count": 956934,
      "rev_date": "2026-03-02T06:35:32Z",
      "scrape_date": "2026-03-03T05:25:34.016832Z",
      "stabilities": [
        "unstable"
      ],
      "unfree": false,
      "version": "0.10.6",
      "outputs_to_install": [
        "out"
      ],
      "outputs": {
        "out": "/nix/store/idlqqwmwna55bqp3cm0ffd9fsl4lqq53-uv-0.10.6"
      },
      "system": "aarch64-linux",
      "group": "toplevel",
      "priority": 5
    },
    {
      "attr_path": "uv",
      "broken": false,
      "derivation": "/nix/store/ll1rwgwypzlc5rba6004pxpp473lnkac-uv-0.10.6.drv",
      "description": "Extremely fast Python package installer and resolver, written in Rust",
      "install_id": "uv",
      "license": "[ Apache-2.0, MIT ]",
      "locked_url": "https://github.com/flox/nixpkgs?rev=cf59864ef8aa2e178cccedbe2c178185b0365705",
      "name": "uv-0.10.6",
      "pname": "uv",
      "rev": "cf59864ef8aa2e178cccedbe2c178185b0365705",
      "rev_count": 956934,
      "rev_date": "2026-03-02T06:35:32Z",
      "scrape_date": "2026-03-03T06:03:44.381002Z",
      "stabilities": [
        "unstable"
      ],
      "unfree": false,
      "version": "0.10.6",
      "outputs_to_install": [
        "out"
      ],
      "outputs": {
        "out": "/nix/store/962hr6lsb7fr36rj1yxwmdhh7a3i4c2g-uv-0.10.6"
      },
      "system": "x86_64-darwin",
      "group": "toplevel",
      "priority": 5
    },
    {
      "attr_path": "uv",
      "broken": false,
      "derivation": "/nix/store/87v8bbiipw5qxd8ysm3zlr61817nfmgr-uv-0.10.6.drv",
      "description": "Extremely fast Python package installer and resolver, written in Rust",
      "install_id": "uv",
      "license": "[ Apache-2.0, MIT ]",
      "locked_url": "https://github.com/flox/nixpkgs?rev=cf59864ef8aa2e178cccedbe2c178185b0365705",
      "name": "uv-0.10.6",
      "pname": "uv",
      "rev": "cf59864ef8aa2e178cccedbe2c178185b0365705",
      "rev_count": 956934,
      "rev_date": "2026-03-02T06:35:32Z",
      "scrape_date": "2026-03-03T06:48:10.004251Z",
      "stabilities": [
        "unstable"
      ],
      "unfree": false,
      "version": "0.10.6",
      "outputs_to_install": [
        "out"
      ],
      "outputs": {
        "out": "/nix/store/45bqnn1avsw82rxbigdy4app32aiqd8a-uv-0.10.6"
      },
      "system": "x86_64-linux",
      "group": "toplevel",
      "priority": 5
    }
  ]
}
